// !$*UTF8*$!
{
	archiveVersion = 1;
	classes = {
	};
	objectVersion = 46;
	objects = {

/* Begin PBXBuildFile section */
		1575B61915BB1462007AAE74 /* UIKit.framework in Frameworks */ = {isa = PBXBuildFile; fileRef = 1575B61815BB1462007AAE74 /* UIKit.framework */; };
		1575B61B15BB1462007AAE74 /* Foundation.framework in Frameworks */ = {isa = PBXBuildFile; fileRef = 1575B61A15BB1462007AAE74 /* Foundation.framework */; };
		1575B61D15BB1462007AAE74 /* CoreGraphics.framework in Frameworks */ = {isa = PBXBuildFile; fileRef = 1575B61C15BB1462007AAE74 /* CoreGraphics.framework */; };
		1575B61F15BB1462007AAE74 /* GLKit.framework in Frameworks */ = {isa = PBXBuildFile; fileRef = 1575B61E15BB1462007AAE74 /* GLKit.framework */; };
		1575B62115BB1462007AAE74 /* OpenGLES.framework in Frameworks */ = {isa = PBXBuildFile; fileRef = 1575B62015BB1462007AAE74 /* OpenGLES.framework */; };
		1575B62715BB1462007AAE74 /* InfoPlist.strings in Resources */ = {isa = PBXBuildFile; fileRef = 1575B62515BB1462007AAE74 /* InfoPlist.strings */; };
		1575B62915BB1462007AAE74 /* main.m in Sources */ = {isa = PBXBuildFile; fileRef = 1575B62815BB1462007AAE74 /* main.m */; };
		1575B62D15BB1462007AAE74 /* AppDelegate.m in Sources */ = {isa = PBXBuildFile; fileRef = 1575B62C15BB1462007AAE74 /* AppDelegate.m */; };
		1575B63015BB1462007AAE74 /* MainStoryboard_iPhone.storyboard in Resources */ = {isa = PBXBuildFile; fileRef = 1575B62E15BB1462007AAE74 /* MainStoryboard_iPhone.storyboard */; };
		1575B63315BB1462007AAE74 /* MainStoryboard_iPad.storyboard in Resources */ = {isa = PBXBuildFile; fileRef = 1575B63115BB1462007AAE74 /* MainStoryboard_iPad.storyboard */; };
		1575B63515BB1462007AAE74 /* Shader.fsh in Resources */ = {isa = PBXBuildFile; fileRef = 1575B63415BB1462007AAE74 /* Shader.fsh */; };
		1575B63715BB1462007AAE74 /* Shader.vsh in Resources */ = {isa = PBXBuildFile; fileRef = 1575B63615BB1462007AAE74 /* Shader.vsh */; };
		1575B63A15BB1462007AAE74 /* ViewController.m in Sources */ = {isa = PBXBuildFile; fileRef = 1575B63915BB1462007AAE74 /* ViewController.m */; };
/* End PBXBuildFile section */

/* Begin PBXFileReference section */
		1575B61415BB1462007AAE74 /* Taekwondo.app */ = {isa = PBXFileReference; explicitFileType = wrapper.application; includeInIndex = 0; path = Taekwondo.app; sourceTree = BUILT_PRODUCTS_DIR; };
		1575B61815BB1462007AAE74 /* UIKit.framework */ = {isa = PBXFileReference; lastKnownFileType = wrapper.framework; name = UIKit.framework; path = System/Library/Frameworks/UIKit.framework; sourceTree = SDKROOT; };
		1575B61A15BB1462007AAE74 /* Foundation.framework */ = {isa = PBXFileReference; lastKnownFileType = wrapper.framework; name = Foundation.framework; path = System/Library/Frameworks/Foundation.framework; sourceTree = SDKROOT; };
		1575B61C15BB1462007AAE74 /* CoreGraphics.framework */ = {isa = PBXFileReference; lastKnownFileType = wrapper.framework; name = CoreGraphics.framework; path = System/Library/Frameworks/CoreGraphics.framework; sourceTree = SDKROOT; };
		1575B61E15BB1462007AAE74 /* GLKit.framework */ = {isa = PBXFileReference; lastKnownFileType = wrapper.framework; name = GLKit.framework; path = System/Library/Frameworks/GLKit.framework; sourceTree = SDKROOT; };
		1575B62015BB1462007AAE74 /* OpenGLES.framework */ = {isa = PBXFileReference; lastKnownFileType = wrapper.framework; name = OpenGLES.framework; path = System/Library/Frameworks/OpenGLES.framework; sourceTree = SDKROOT; };
		1575B62415BB1462007AAE74 /* Taekwondo-Info.plist */ = {isa = PBXFileReference; path = "Taekwondo-Info.plist"; sourceTree = "<group>"; };
		1575B62615BB1462007AAE74 /* en */ = {isa = PBXFileReference; lastKnownFileType = text.plist.strings; name = en; path = en.lproj/InfoPlist.strings; sourceTree = "<group>"; };
		1575B62815BB1462007AAE74 /* main.m */ = {isa = PBXFileReference; lastKnownFileType = sourcecode.c.objc; path = main.m; sourceTree = "<group>"; };
		1575B62A15BB1462007AAE74 /* Taekwondo-Prefix.pch */ = {isa = PBXFileReference; path = "Taekwondo-Prefix.pch"; sourceTree = "<group>"; };
		1575B62B15BB1462007AAE74 /* AppDelegate.h */ = {isa = PBXFileReference; path = AppDelegate.h; sourceTree = "<group>"; };
		1575B62C15BB1462007AAE74 /* AppDelegate.m */ = {isa = PBXFileReference; lastKnownFileType = sourcecode.c.objc; path = AppDelegate.m; sourceTree = "<group>"; };
		1575B62F15BB1462007AAE74 /* en */ = {isa = PBXFileReference; lastKnownFileType = file.storyboard; name = en; path = en.lproj/MainStoryboard_iPhone.storyboard; sourceTree = "<group>"; };
		1575B63215BB1462007AAE74 /* en */ = {isa = PBXFileReference; lastKnownFileType = file.storyboard; name = en; path = en.lproj/MainStoryboard_iPad.storyboard; sourceTree = "<group>"; };
		1575B63415BB1462007AAE74 /* Shader.fsh */ = {isa = PBXFileReference; lastKnownFileType = sourcecode.glsl; name = Shader.fsh; path = Shaders/Shader.fsh; sourceTree = "<group>"; };
		1575B63615BB1462007AAE74 /* Shader.vsh */ = {isa = PBXFileReference; lastKnownFileType = sourcecode.glsl; name = Shader.vsh; path = Shaders/Shader.vsh; sourceTree = "<group>"; };
		1575B63815BB1462007AAE74 /* ViewController.h */ = {isa = PBXFileReference; path = ViewController.h; sourceTree = "<group>"; };
		1575B63915BB1462007AAE74 /* ViewController.m */ = {isa = PBXFileReference; lastKnownFileType = sourcecode.c.objc; path = ViewController.m; sourceTree = "<group>"; };
/* End PBXFileReference section */

/* Begin PBXFrameworksBuildPhase section */
		1575B61115BB1462007AAE74 /* Frameworks */ = {
			isa = PBXFrameworksBuildPhase;
			buildActionMask = 2147483647;
			files = (
				1575B61915BB1462007AAE74 /* UIKit.framework in Frameworks */,
				1575B61B15BB1462007AAE74 /* Foundation.framework in Frameworks */,
				1575B61D15BB1462007AAE74 /* CoreGraphics.framework in Frameworks */,
				1575B61F15BB1462007AAE74 /* GLKit.framework in Frameworks */,
				1575B62115BB1462007AAE74 /* OpenGLES.framework in Frameworks */,
			);
			runOnlyForDeploymentPostprocessing = 0;
		};
/* End PBXFrameworksBuildPhase section */

/* Begin PBXGroup section */
		1575B60915BB1462007AAE74 = {
			isa = PBXGroup;
			children = (
				1575B62215BB1462007AAE74 /* Taekwondo */,
				1575B61715BB1462007AAE74 /* Frameworks */,
				1575B61515BB1462007AAE74 /* Products */,
			);
			sourceTree = "<group>";
		};
		1575B61515BB1462007AAE74 /* Products */ = {
			isa = PBXGroup;
			children = (
				1575B61415BB1462007AAE74 /* Taekwondo.app */,
			);
			name = Products;
			sourceTree = "<group>";
		};
		1575B61715BB1462007AAE74 /* Frameworks */ = {
			isa = PBXGroup;
			children = (
				1575B61815BB1462007AAE74 /* UIKit.framework */,
				1575B61A15BB1462007AAE74 /* Foundation.framework */,
				1575B61C15BB1462007AAE74 /* CoreGraphics.framework */,
				1575B61E15BB1462007AAE74 /* GLKit.framework */,
				1575B62015BB1462007AAE74 /* OpenGLES.framework */,
			);
			name = Frameworks;
			sourceTree = "<group>";
		};
		1575B62215BB1462007AAE74 /* Taekwondo */ = {
			isa = PBXGroup;
			children = (
				1575B62B15BB1462007AAE74 /* AppDelegate.h */,
				1575B62C15BB1462007AAE74 /* AppDelegate.m */,
				1575B62E15BB1462007AAE74 /* MainStoryboard_iPhone.storyboard */,
				1575B63115BB1462007AAE74 /* MainStoryboard_iPad.storyboard */,
				1575B63415BB1462007AAE74 /* Shader.fsh */,
				1575B63615BB1462007AAE74 /* Shader.vsh */,
				1575B63815BB1462007AAE74 /* ViewController.h */,
				1575B63915BB1462007AAE74 /* ViewController.m */,
				1575B62315BB1462007AAE74 /* Supporting Files */,
			);
			path = Taekwondo;
			sourceTree = "<group>";
		};
		1575B62315BB1462007AAE74 /* Supporting Files */ = {
			isa = PBXGroup;
			children = (
				1575B62415BB1462007AAE74 /* Taekwondo-Info.plist */,
				1575B62515BB1462007AAE74 /* InfoPlist.strings */,
				1575B62815BB1462007AAE74 /* main.m */,
				1575B62A15BB1462007AAE74 /* Taekwondo-Prefix.pch */,
			);
			name = "Supporting Files";
			sourceTree = "<group>";
		};
/* End PBXGroup section */

/* Begin PBXNativeTarget section */
		1575B61315BB1462007AAE74 /* Taekwondo */ = {
			isa = PBXNativeTarget;
			buildConfigurationList = 1575B63D15BB1463007AAE74 /* Build configuration list for PBXNativeTarget "Taekwondo" */;
			buildPhases = (
				1575B61015BB1462007AAE74 /* Sources */,
				1575B61115BB1462007AAE74 /* Frameworks */,
				1575B61215BB1462007AAE74 /* Resources */,
			);
			buildRules = (
			);
			dependencies = (
			);
			name = Taekwondo;
			productName = Taekwondo;
			productReference = 1575B61415BB1462007AAE74 /* Taekwondo.app */;
			productType = "com.apple.product-type.application";
		};
/* End PBXNativeTarget section */

/* Begin PBXProject section */
		1575B60B15BB1462007AAE74 /* Project object */ = {
			isa = PBXProject;
			attributes = {
				LastUpgradeCheck = 0420;
			};
			buildConfigurationList = 1575B60E15BB1462007AAE74 /* Build configuration list for PBXProject "Taekwondo" */;
			compatibilityVersion = "Xcode 3.2";
			developmentRegion = English;
			hasScannedForEncodings = 0;
			knownRegions = (
				en,
			);
			mainGroup = 1575B60915BB1462007AAE74;
			productRefGroup = 1575B61515BB1462007AAE74 /* Products */;
			projectDirPath = "";
			projectRoot = "";
			targets = (
				1575B61315BB1462007AAE74 /* Taekwondo */,
			);
		};
/* End PBXProject section */

/* Begin PBXResourcesBuildPhase section */
		1575B61215BB1462007AAE74 /* Resources */ = {
			isa = PBXResourcesBuildPhase;
			buildActionMask = 2147483647;
			files = (
				1575B62715BB1462007AAE74 /* InfoPlist.strings in Resources */,
				1575B63015BB1462007AAE74 /* MainStoryboard_iPhone.storyboard in Resources */,
				1575B63315BB1462007AAE74 /* MainStoryboard_iPad.storyboard in Resources */,
				1575B63515BB1462007AAE74 /* Shader.fsh in Resources */,
				1575B63715BB1462007AAE74 /* Shader.vsh in Resources */,
			);
			runOnlyForDeploymentPostprocessing = 0;
		};
/* End PBXResourcesBuildPhase section */

/* Begin PBXSourcesBuildPhase section */
		1575B61015BB1462007AAE74 /* Sources */ = {
			isa = PBXSourcesBuildPhase;
			buildActionMask = 2147483647;
			files = (
				1575B62915BB1462007AAE74 /* main.m in Sources */,
				1575B62D15BB1462007AAE74 /* AppDelegate.m in Sources */,
				1575B63A15BB1462007AAE74 /* ViewController.m in Sources */,
			);
			runOnlyForDeploymentPostprocessing = 0;
		};
/* End PBXSourcesBuildPhase section */

/* Begin PBXVariantGroup section */
		1575B62515BB1462007AAE74 /* InfoPlist.strings */ = {
			isa = PBXVariantGroup;
			children = (
				1575B62615BB1462007AAE74 /* en */,
			);
			name = InfoPlist.strings;
			sourceTree = "<group>";
		};
		1575B62E15BB1462007AAE74 /* MainStoryboard_iPhone.storyboard */ = {
			isa = PBXVariantGroup;
			children = (
				1575B62F15BB1462007AAE74 /* en */,
			);
			name = MainStoryboard_iPhone.storyboard;
			sourceTree = "<group>";
		};
		1575B63115BB1462007AAE74 /* MainStoryboard_iPad.storyboard */ = {
			isa = PBXVariantGroup;
			children = (
				1575B63215BB1462007AAE74 /* en */,
			);
			name = MainStoryboard_iPad.storyboard;
			sourceTree = "<group>";
		};
/* End PBXVariantGroup section */

/* Begin XCBuildConfiguration section */
		1575B63B15BB1462007AAE74 /* Debug */ = {
			isa = XCBuildConfiguration;
			buildSettings = {
				ALWAYS_SEARCH_USER_PATHS = NO;
				ARCHS = "$(ARCHS_STANDARD_32_BIT)";
				CLANG_ENABLE_OBJC_ARC = YES;
				"CODE_SIGN_IDENTITY[sdk=iphoneos*]" = "iPhone Developer";
				COPY_PHASE_STRIP = NO;
				GCC_C_LANGUAGE_STANDARD = gnu99;
				GCC_DYNAMIC_NO_PIC = NO;
				GCC_OPTIMIZATION_LEVEL = 0;
				GCC_PREPROCESSOR_DEFINITIONS = (
					"DEBUG=1",
					"$(inherited)",
				);
				GCC_SYMBOLS_PRIVATE_EXTERN = NO;
				GCC_VERSION = com.apple.compilers.llvm.clang.1_0;
				GCC_WARN_ABOUT_MISSING_PROTOTYPES = YES;
				GCC_WARN_ABOUT_RETURN_TYPE = YES;
				GCC_WARN_UNUSED_VARIABLE = YES;
				IPHONEOS_DEPLOYMENT_TARGET = 5.0;
				SDKROOT = iphoneos;
				TARGETED_DEVICE_FAMILY = "1,2";
			};
			name = Debug;
		};
		1575B63C15BB1462007AAE74 /* Release */ = {
			isa = XCBuildConfiguration;
			buildSettings = {
				ALWAYS_SEARCH_USER_PATHS = NO;
				ARCHS = "$(ARCHS_STANDARD_32_BIT)";
				CLANG_ENABLE_OBJC_ARC = YES;
				"CODE_SIGN_IDENTITY[sdk=iphoneos*]" = "iPhone Developer";
				COPY_PHASE_STRIP = YES;
				GCC_C_LANGUAGE_STANDARD = gnu99;
				GCC_VERSION = com.apple.compilers.llvm.clang.1_0;
				GCC_WARN_ABOUT_MISSING_PROTOTYPES = YES;
				GCC_WARN_ABOUT_RETURN_TYPE = YES;
				GCC_WARN_UNUSED_VARIABLE = YES;
				IPHONEOS_DEPLOYMENT_TARGET = 5.0;
				OTHER_CFLAGS = "-DNS_BLOCK_ASSERTIONS=1";
				SDKROOT = iphoneos;
				TARGETED_DEVICE_FAMILY = "1,2";
				VALIDATE_PRODUCT = YES;
			};
			name = Release;
		};
		1575B63E15BB1463007AAE74 /* Debug */ = {
			isa = XCBuildConfiguration;
			buildSettings = {
				GCC_PRECOMPILE_PREFIX_HEADER = YES;
				GCC_PREFIX_HEADER = "Taekwondo/Taekwondo-Prefix.pch";
				"GCC_THUMB_SUPPORT[arch=armv6]" = "";
				INFOPLIST_FILE = "Taekwondo/Taekwondo-Info.plist";
				PRODUCT_NAME = "$(TARGET_NAME)";
				WRAPPER_EXTENSION = app;
			};
			name = Debug;
		};
		1575B63F15BB1463007AAE74 /* Release */ = {
			isa = XCBuildConfiguration;
			buildSettings = {
				GCC_PRECOMPILE_PREFIX_HEADER = YES;
				GCC_PREFIX_HEADER = "Taekwondo/Taekwondo-Prefix.pch";
				"GCC_THUMB_SUPPORT[arch=armv6]" = "";
				INFOPLIST_FILE = "Taekwondo/Taekwondo-Info.plist";
				PRODUCT_NAME = "$(TARGET_NAME)";
				WRAPPER_EXTENSION = app;
			};
			name = Release;
		};
/* End XCBuildConfiguration section */

/* Begin XCConfigurationList section */
		1575B60E15BB1462007AAE74 /* Build configuration list for PBXProject "Taekwondo" */ = {
			isa = XCConfigurationList;
			buildConfigurations = (
				1575B63B15BB1462007AAE74 /* Debug */,
				1575B63C15BB1462007AAE74 /* Release */,
			);
			defaultConfigurationIsVisible = 0;
			defaultConfigurationName = Release;
		};
		1575B63D15BB1463007AAE74 /* Build configuration list for PBXNativeTarget "Taekwondo" */ = {
			isa = XCConfigurationList;
			buildConfigurations = (
				1575B63E15BB1463007AAE74 /* Debug */,
				1575B63F15BB1463007AAE74 /* Release */,
			);
			defaultConfigurationIsVisible = 0;
		};
/* End XCConfigurationList section */
	};
	rootObject = 1575B60B15BB1462007AAE74 /* Project object */;
}
